<?xml version="1.0" encoding="utf-8"?>
<Project ToolsVersion="4.0" xmlns="http://schemas.microsoft.com/developer/msbuild/2003">
  <ItemGroup>
    <Filter Include="Resources">
      <UniqueIdentifier>24f092f0-4477-4ed5-adfc-450cfceccaeb</UniqueIdentifier>
      <Extensions>ico;bmp;dlg;gif;jpg;jpeg;jpe;resx;tiff;tif;png;wav;resw;resjson</Extensions>
    </Filter>
  </ItemGroup>
  <ItemGroup>
    <AppxManifest Include="Package.appxmanifest" />
  </ItemGroup>
  <ItemGroup>
    <ClCompile Include="D3DRenderer.cpp" />
    <ClCompile Include="D3DView.cpp" />
    <ClCompile Include="Main.cpp" />
    <ClCompile Include="ViewProvider.cpp" />
    <ClCompile Include="pch.cpp" />
  </ItemGroup>
  <ItemGroup>
    <ClInclude Include="D3DRenderer.h" />
    <ClInclude Include="D3DView.h" />
    <ClInclude Include="pch.h" />
    <ClInclude Include="ViewProvider.h" />
  </ItemGroup>
  <ItemGroup>
    <Image Include="Logo.png">
      <Filter>Resources</Filter>
    </Image>
    <Image Include="SmallLogo.png">
      <Filter>Resources</Filter>
    </Image>
    <Image Include="StoreLogo.png">
      <Filter>Resources</Filter>
    </Image>
    <Image Include="SplashScreen.png">
      <Filter>Resources</Filter>
    </Image>
  </ItemGroup>
</Project>